
Microsoft Visual Studio Solution File, Format Version 12.00
# Visual Studio Version 17
VisualStudioVersion = 17.10.34814.14
MinimumVisualStudioVersion = 10.0.40219.1
Project("{9A19103F-16F7-4668-BE54-9A1E7A4F7556}") = "StarWar", "StarWar\StarWar.csproj", "{A79CB5B6-66C8-4759-B29A-0BBCF23C4421}"
EndProject
Project("{9A19103F-16F7-4668-BE54-9A1E7A4F7556}") = "Staris.Shared", "Staris.Shared\Staris.Shared.csproj", "{1713E83E-973B-4B25-A109-E115268659DC}"
EndProject
Project("{9A19103F-16F7-4668-BE54-9A1E7A4F7556}") = "MauiAppStarWars", "MauiAppStarWars\MauiAppStarWars.csproj", "{82AD5F29-2676-4F61-8DA4-256B1236CC43}"
EndProject
Global
	GlobalSection(SolutionConfigurationPlatforms) = preSolution
		Debug|Any CPU = Debug|Any CPU
		Release|Any CPU = Release|Any CPU
	EndGlobalSection
	GlobalSection(ProjectConfigurationPlatforms) = postSolution
		{A79CB5B6-66C8-4759-B29A-0BBCF23C4421}.Debug|Any CPU.ActiveCfg = Debug|Any CPU
		{A79CB5B6-66C8-4759-B29A-0BBCF23C4421}.Debug|Any CPU.Build.0 = Debug|Any CPU
		{A79CB5B6-66C8-4759-B29A-0BBCF23C4421}.Release|Any CPU.ActiveCfg = Release|Any CPU
		{A79CB5B6-66C8-4759-B29A-0BBCF23C4421}.Release|Any CPU.Build.0 = Release|Any CPU
		{1713E83E-973B-4B25-A109-E115268659DC}.Debug|Any CPU.ActiveCfg = Debug|Any CPU
		{1713E83E-973B-4B25-A109-E115268659DC}.Debug|Any CPU.Build.0 = Debug|Any CPU
		{1713E83E-973B-4B25-A109-E115268659DC}.Release|Any CPU.ActiveCfg = Release|Any CPU
		{1713E83E-973B-4B25-A109-E115268659DC}.Release|Any CPU.Build.0 = Release|Any CPU
		{82AD5F29-2676-4F61-8DA4-256B1236CC43}.Debug|Any CPU.ActiveCfg = Debug|Any CPU
		{82AD5F29-2676-4F61-8DA4-256B1236CC43}.Debug|Any CPU.Build.0 = Debug|Any CPU
		{82AD5F29-2676-4F61-8DA4-256B1236CC43}.Debug|Any CPU.Deploy.0 = Debug|Any CPU
		{82AD5F29-2676-4F61-8DA4-256B1236CC43}.Release|Any CPU.ActiveCfg = Release|Any CPU
		{82AD5F29-2676-4F61-8DA4-256B1236CC43}.Release|Any CPU.Build.0 = Release|Any CPU
		{82AD5F29-2676-4F61-8DA4-256B1236CC43}.Release|Any CPU.Deploy.0 = Release|Any CPU
	EndGlobalSection
	GlobalSection(SolutionProperties) = preSolution
		HideSolutionNode = FALSE
	EndGlobalSection
	GlobalSection(ExtensibilityGlobals) = postSolution
		SolutionGuid = {577569D7-C328-4CCB-9297-4BFE9F13D70F}
	EndGlobalSection
EndGlobal
